
Microsoft Visual Studio Solution File, Format Version 12.00
# Visual Studio Version 16
VisualStudioVersion = 16.0.30804.86
MinimumVisualStudioVersion = 10.0.40219.1
Project("{FAE04EC0-301F-11D3-BF4B-00C04F79EFBC}") = "FavoriteToppings", "FavoriteToppings\FavoriteToppings.csproj", "{9C930350-F8A5-48E7-B7D0-A57438C7CC11}"
EndProject
Global
	GlobalSection(SolutionConfigurationPlatforms) = preSolution
		Debug|Any CPU = Debug|Any CPU
		Release|Any CPU = Release|Any CPU
	EndGlobalSection
	GlobalSection(ProjectConfigurationPlatforms) = postSolution
		{9C930350-F8A5-48E7-B7D0-A57438C7CC11}.Debug|Any CPU.ActiveCfg = Debug|Any CPU
		{9C930350-F8A5-48E7-B7D0-A57438C7CC11}.Debug|Any CPU.Build.0 = Debug|Any CPU
		{9C930350-F8A5-48E7-B7D0-A57438C7CC11}.Release|Any CPU.ActiveCfg = Release|Any CPU
		{9C930350-F8A5-48E7-B7D0-A57438C7CC11}.Release|Any CPU.Build.0 = Release|Any CPU
	EndGlobalSection
	GlobalSection(SolutionProperties) = preSolution
		HideSolutionNode = FALSE
	EndGlobalSection
	GlobalSection(ExtensibilityGlobals) = postSolution
		SolutionGuid = {A629F9C2-01B6-4399-B16D-3406AB8AB0FA}
	EndGlobalSection
EndGlobal
